
Microsoft Visual Studio Solution File, Format Version 12.00
# Visual Studio Version 17
VisualStudioVersion = 17.6.33712.159
MinimumVisualStudioVersion = 10.0.40219.1
Project("{FAE04EC0-301F-11D3-BF4B-00C04F79EFBC}") = "ProjectMars", "ProjectMars\ProjectMars.csproj", "{9A2E6743-9EA5-4426-9F1B-0A6D48A3F183}"
EndProject
Global
	GlobalSection(SolutionConfigurationPlatforms) = preSolution
		Debug|Any CPU = Debug|Any CPU
		Release|Any CPU = Release|Any CPU
	EndGlobalSection
	GlobalSection(ProjectConfigurationPlatforms) = postSolution
		{9A2E6743-9EA5-4426-9F1B-0A6D48A3F183}.Debug|Any CPU.ActiveCfg = Debug|Any CPU
		{9A2E6743-9EA5-4426-9F1B-0A6D48A3F183}.Debug|Any CPU.Build.0 = Debug|Any CPU
		{9A2E6743-9EA5-4426-9F1B-0A6D48A3F183}.Release|Any CPU.ActiveCfg = Release|Any CPU
		{9A2E6743-9EA5-4426-9F1B-0A6D48A3F183}.Release|Any CPU.Build.0 = Release|Any CPU
	EndGlobalSection
	GlobalSection(SolutionProperties) = preSolution
		HideSolutionNode = FALSE
	EndGlobalSection
	GlobalSection(ExtensibilityGlobals) = postSolution
		SolutionGuid = {3F02B982-1979-4C37-9C1C-AB9ED4AF414C}
	EndGlobalSection
EndGlobal
